
Microsoft Visual Studio Solution File, Format Version 12.00
# Visual Studio Version 17
VisualStudioVersion = 17.7.34031.279
MinimumVisualStudioVersion = 10.0.40219.1
Project("{FAE04EC0-301F-11D3-BF4B-00C04F79EFBC}") = "MailPlugin", "MailPlugin.csproj", "{00D6808B-390C-493C-A4C2-045A689CCF83}"
EndProject
Global
	GlobalSection(SolutionConfigurationPlatforms) = preSolution
		Debug|Any CPU = Debug|Any CPU
		Release|Any CPU = Release|Any CPU
	EndGlobalSection
	GlobalSection(ProjectConfigurationPlatforms) = postSolution
		{00D6808B-390C-493C-A4C2-045A689CCF83}.Debug|Any CPU.ActiveCfg = Debug|Any CPU
		{00D6808B-390C-493C-A4C2-045A689CCF83}.Debug|Any CPU.Build.0 = Debug|Any CPU
		{00D6808B-390C-493C-A4C2-045A689CCF83}.Release|Any CPU.ActiveCfg = Release|Any CPU
		{00D6808B-390C-493C-A4C2-045A689CCF83}.Release|Any CPU.Build.0 = Release|Any CPU
	EndGlobalSection
	GlobalSection(SolutionProperties) = preSolution
		HideSolutionNode = FALSE
	EndGlobalSection
	GlobalSection(ExtensibilityGlobals) = postSolution
		SolutionGuid = {5C1FC025-B66F-4136-B143-3F04A83F0968}
	EndGlobalSection
EndGlobal
